
Microsoft Visual Studio Solution File, Format Version 12.00
# Visual Studio Version 17
VisualStudioVersion = 17.4.33403.182
MinimumVisualStudioVersion = 10.0.40219.1
Project("{FAE04EC0-301F-11D3-BF4B-00C04F79EFBC}") = "Programa que calcule el interés de una capital", "Programa que calcule el interés de una capital\Programa que calcule el interés de una capital.csproj", "{AADE338D-34BB-4C7B-A78F-B96ED4D1561E}"
EndProject
Global
	GlobalSection(SolutionConfigurationPlatforms) = preSolution
		Debug|Any CPU = Debug|Any CPU
		Release|Any CPU = Release|Any CPU
	EndGlobalSection
	GlobalSection(ProjectConfigurationPlatforms) = postSolution
		{AADE338D-34BB-4C7B-A78F-B96ED4D1561E}.Debug|Any CPU.ActiveCfg = Debug|Any CPU
		{AADE338D-34BB-4C7B-A78F-B96ED4D1561E}.Debug|Any CPU.Build.0 = Debug|Any CPU
		{AADE338D-34BB-4C7B-A78F-B96ED4D1561E}.Release|Any CPU.ActiveCfg = Release|Any CPU
		{AADE338D-34BB-4C7B-A78F-B96ED4D1561E}.Release|Any CPU.Build.0 = Release|Any CPU
	EndGlobalSection
	GlobalSection(SolutionProperties) = preSolution
		HideSolutionNode = FALSE
	EndGlobalSection
	GlobalSection(ExtensibilityGlobals) = postSolution
		SolutionGuid = {D9C453D8-41BB-4C17-A903-5B30286B6B50}
	EndGlobalSection
EndGlobal
